
Microsoft Visual Studio Solution File, Format Version 12.00
# Visual Studio Version 16
VisualStudioVersion = 16.0.31729.503
MinimumVisualStudioVersion = 10.0.40219.1
Project("{FAE04EC0-301F-11D3-BF4B-00C04F79EFBC}") = "SpaceDonkey.UWP", "SpaceDonkey\SpaceDonkey.UWP\SpaceDonkey.UWP.csproj", "{90F304F9-1E93-428B-9FA8-36B84462D868}"
EndProject
Project("{FAE04EC0-301F-11D3-BF4B-00C04F79EFBC}") = "SpaceDonkey.Android", "SpaceDonkey\SpaceDonkey.Android\SpaceDonkey.Android.csproj", "{021A1784-2A2E-4843-B73C-B1BD9E51EFC2}"
EndProject
Project("{FAE04EC0-301F-11D3-BF4B-00C04F79EFBC}") = "SpaceDonkey.iOS", "SpaceDonkey\SpaceDonkey.iOS\SpaceDonkey.iOS.csproj", "{2BB413BA-7F31-4DB3-BBCE-92355E34892F}"
EndProject
Project("{FAE04EC0-301F-11D3-BF4B-00C04F79EFBC}") = "SpaceDonkey", "SpaceDonkey\SpaceDonkey\SpaceDonkey.csproj", "{F94C0510-AD9C-43F3-8F8C-ACAF9B5DF3BC}"
EndProject
Global
	GlobalSection(SolutionConfigurationPlatforms) = preSolution
		Debug|Any CPU = Debug|Any CPU
		Debug|ARM = Debug|ARM
		Debug|iPhone = Debug|iPhone
		Debug|iPhoneSimulator = Debug|iPhoneSimulator
		Debug|x64 = Debug|x64
		Debug|x86 = Debug|x86
		Release|Any CPU = Release|Any CPU
		Release|ARM = Release|ARM
		Release|iPhone = Release|iPhone
		Release|iPhoneSimulator = Release|iPhoneSimulator
		Release|x64 = Release|x64
		Release|x86 = Release|x86
	EndGlobalSection
	GlobalSection(ProjectConfigurationPlatforms) = postSolution
		{90F304F9-1E93-428B-9FA8-36B84462D868}.Debug|Any CPU.ActiveCfg = Debug|x86
		{90F304F9-1E93-428B-9FA8-36B84462D868}.Debug|Any CPU.Build.0 = Debug|x86
		{90F304F9-1E93-428B-9FA8-36B84462D868}.Debug|Any CPU.Deploy.0 = Debug|x86
		{90F304F9-1E93-428B-9FA8-36B84462D868}.Debug|ARM.ActiveCfg = Debug|ARM
		{90F304F9-1E93-428B-9FA8-36B84462D868}.Debug|ARM.Build.0 = Debug|ARM
		{90F304F9-1E93-428B-9FA8-36B84462D868}.Debug|ARM.Deploy.0 = Debug|ARM
		{90F304F9-1E93-428B-9FA8-36B84462D868}.Debug|iPhone.ActiveCfg = Debug|x86
		{90F304F9-1E93-428B-9FA8-36B84462D868}.Debug|iPhone.Build.0 = Debug|x86
		{90F304F9-1E93-428B-9FA8-36B84462D868}.Debug|iPhone.Deploy.0 = Debug|x86
		{90F304F9-1E93-428B-9FA8-36B84462D868}.Debug|iPhoneSimulator.ActiveCfg = Debug|x86
		{90F304F9-1E93-428B-9FA8-36B84462D868}.Debug|iPhoneSimulator.Build.0 = Debug|x86
		{90F304F9-1E93-428B-9FA8-36B84462D868}.Debug|iPhoneSimulator.Deploy.0 = Debug|x86
		{90F304F9-1E93-428B-9FA8-36B84462D868}.Debug|x64.ActiveCfg = Debug|x64
		{90F304F9-1E93-428B-9FA8-36B84462D868}.Debug|x64.Build.0 = Debug|x64
		{90F304F9-1E93-428B-9FA8-36B84462D868}.Debug|x64.Deploy.0 = Debug|x64
		{90F304F9-1E93-428B-9FA8-36B84462D868}.Debug|x86.ActiveCfg = Debug|x86
		{90F304F9-1E93-428B-9FA8-36B84462D868}.Debug|x86.Build.0 = Debug|x86
		{90F304F9-1E93-428B-9FA8-36B84462D868}.Debug|x86.Deploy.0 = Debug|x86
		{90F304F9-1E93-428B-9FA8-36B84462D868}.Release|Any CPU.ActiveCfg = Release|x86
		{90F304F9-1E93-428B-9FA8-36B84462D868}.Release|Any CPU.Build.0 = Release|x86
		{90F304F9-1E93-428B-9FA8-36B84462D868}.Release|Any CPU.Deploy.0 = Release|x86
		{90F304F9-1E93-428B-9FA8-36B84462D868}.Release|ARM.ActiveCfg = Release|ARM
		{90F304F9-1E93-428B-9FA8-36B84462D868}.Release|ARM.Build.0 = Release|ARM
		{90F304F9-1E93-428B-9FA8-36B84462D868}.Release|ARM.Deploy.0 = Release|ARM
		{90F304F9-1E93-428B-9FA8-36B84462D868}.Release|iPhone.ActiveCfg = Release|x86
		{90F304F9-1E93-428B-9FA8-36B84462D868}.Release|iPhone.Build.0 = Release|x86
		{90F304F9-1E93-428B-9FA8-36B84462D868}.Release|iPhone.Deploy.0 = Release|x86
		{90F304F9-1E93-428B-9FA8-36B84462D868}.Release|iPhoneSimulator.ActiveCfg = Release|x86
		{90F304F9-1E93-428B-9FA8-36B84462D868}.Release|iPhoneSimulator.Build.0 = Release|x86
		{90F304F9-1E93-428B-9FA8-36B84462D868}.Release|iPhoneSimulator.Deploy.0 = Release|x86
		{90F304F9-1E93-428B-9FA8-36B84462D868}.Release|x64.ActiveCfg = Release|x64
		{90F304F9-1E93-428B-9FA8-36B84462D868}.Release|x64.Build.0 = Release|x64
		{90F304F9-1E93-428B-9FA8-36B84462D868}.Release|x64.Deploy.0 = Release|x64
		{90F304F9-1E93-428B-9FA8-36B84462D868}.Release|x86.ActiveCfg = Release|x86
		{90F304F9-1E93-428B-9FA8-36B84462D868}.Release|x86.Build.0 = Release|x86
		{90F304F9-1E93-428B-9FA8-36B84462D868}.Release|x86.Deploy.0 = Release|x86
		{021A1784-2A2E-4843-B73C-B1BD9E51EFC2}.Debug|Any CPU.ActiveCfg = Debug|Any CPU
		{021A1784-2A2E-4843-B73C-B1BD9E51EFC2}.Debug|Any CPU.Build.0 = Debug|Any CPU
		{021A1784-2A2E-4843-B73C-B1BD9E51EFC2}.Debug|Any CPU.Deploy.0 = Debug|Any CPU
		{021A1784-2A2E-4843-B73C-B1BD9E51EFC2}.Debug|ARM.ActiveCfg = Debug|Any CPU
		{021A1784-2A2E-4843-B73C-B1BD9E51EFC2}.Debug|ARM.Build.0 = Debug|Any CPU
		{021A1784-2A2E-4843-B73C-B1BD9E51EFC2}.Debug|ARM.Deploy.0 = Debug|Any CPU
		{021A1784-2A2E-4843-B73C-B1BD9E51EFC2}.Debug|iPhone.ActiveCfg = Debug|Any CPU
		{021A1784-2A2E-4843-B73C-B1BD9E51EFC2}.Debug|iPhone.Build.0 = Debug|Any CPU
		{021A1784-2A2E-4843-B73C-B1BD9E51EFC2}.Debug|iPhone.Deploy.0 = Debug|Any CPU
		{021A1784-2A2E-4843-B73C-B1BD9E51EFC2}.Debug|iPhoneSimulator.ActiveCfg = Debug|Any CPU
		{021A1784-2A2E-4843-B73C-B1BD9E51EFC2}.Debug|iPhoneSimulator.Build.0 = Debug|Any CPU
		{021A1784-2A2E-4843-B73C-B1BD9E51EFC2}.Debug|iPhoneSimulator.Deploy.0 = Debug|Any CPU
		{021A1784-2A2E-4843-B73C-B1BD9E51EFC2}.Debug|x64.ActiveCfg = Debug|Any CPU
		{021A1784-2A2E-4843-B73C-B1BD9E51EFC2}.Debug|x64.Build.0 = Debug|Any CPU
		{021A1784-2A2E-4843-B73C-B1BD9E51EFC2}.Debug|x64.Deploy.0 = Debug|Any CPU
		{021A1784-2A2E-4843-B73C-B1BD9E51EFC2}.Debug|x86.ActiveCfg = Debug|Any CPU
		{021A1784-2A2E-4843-B73C-B1BD9E51EFC2}.Debug|x86.Build.0 = Debug|Any CPU
		{021A1784-2A2E-4843-B73C-B1BD9E51EFC2}.Debug|x86.Deploy.0 = Debug|Any CPU
		{021A1784-2A2E-4843-B73C-B1BD9E51EFC2}.Release|Any CPU.ActiveCfg = Release|Any CPU
		{021A1784-2A2E-4843-B73C-B1BD9E51EFC2}.Release|Any CPU.Build.0 = Release|Any CPU
		{021A1784-2A2E-4843-B73C-B1BD9E51EFC2}.Release|Any CPU.Deploy.0 = Release|Any CPU
		{021A1784-2A2E-4843-B73C-B1BD9E51EFC2}.Release|ARM.ActiveCfg = Release|Any CPU
		{021A1784-2A2E-4843-B73C-B1BD9E51EFC2}.Release|ARM.Build.0 = Release|Any CPU
		{021A1784-2A2E-4843-B73C-B1BD9E51EFC2}.Release|ARM.Deploy.0 = Release|Any CPU
		{021A1784-2A2E-4843-B73C-B1BD9E51EFC2}.Release|iPhone.ActiveCfg = Release|Any CPU
		{021A1784-2A2E-4843-B73C-B1BD9E51EFC2}.Release|iPhone.Build.0 = Release|Any CPU
		{021A1784-2A2E-4843-B73C-B1BD9E51EFC2}.Release|iPhone.Deploy.0 = Release|Any CPU
		{021A1784-2A2E-4843-B73C-B1BD9E51EFC2}.Release|iPhoneSimulator.ActiveCfg = Release|Any CPU
		{021A1784-2A2E-4843-B73C-B1BD9E51EFC2}.Release|iPhoneSimulator.Build.0 = Release|Any CPU
		{021A1784-2A2E-4843-B73C-B1BD9E51EFC2}.Release|iPhoneSimulator.Deploy.0 = Release|Any CPU
		{021A1784-2A2E-4843-B73C-B1BD9E51EFC2}.Release|x64.ActiveCfg = Release|Any CPU
		{021A1784-2A2E-4843-B73C-B1BD9E51EFC2}.Release|x64.Build.0 = Release|Any CPU
		{021A1784-2A2E-4843-B73C-B1BD9E51EFC2}.Release|x64.Deploy.0 = Release|Any CPU
		{021A1784-2A2E-4843-B73C-B1BD9E51EFC2}.Release|x86.ActiveCfg = Release|Any CPU
		{021A1784-2A2E-4843-B73C-B1BD9E51EFC2}.Release|x86.Build.0 = Release|Any CPU
		{021A1784-2A2E-4843-B73C-B1BD9E51EFC2}.Release|x86.Deploy.0 = Release|Any CPU
		{2BB413BA-7F31-4DB3-BBCE-92355E34892F}.Debug|Any CPU.ActiveCfg = Debug|iPhoneSimulator
		{2BB413BA-7F31-4DB3-BBCE-92355E34892F}.Debug|Any CPU.Build.0 = Debug|iPhoneSimulator
		{2BB413BA-7F31-4DB3-BBCE-92355E34892F}.Debug|Any CPU.Deploy.0 = Debug|iPhoneSimulator
		{2BB413BA-7F31-4DB3-BBCE-92355E34892F}.Debug|ARM.ActiveCfg = Debug|iPhone
		{2BB413BA-7F31-4DB3-BBCE-92355E34892F}.Debug|ARM.Build.0 = Debug|iPhone
		{2BB413BA-7F31-4DB3-BBCE-92355E34892F}.Debug|ARM.Deploy.0 = Debug|iPhone
		{2BB413BA-7F31-4DB3-BBCE-92355E34892F}.Debug|iPhone.ActiveCfg = Debug|iPhone
		{2BB413BA-7F31-4DB3-BBCE-92355E34892F}.Debug|iPhone.Build.0 = Debug|iPhone
		{2BB413BA-7F31-4DB3-BBCE-92355E34892F}.Debug|iPhone.Deploy.0 = Debug|iPhone
		{2BB413BA-7F31-4DB3-BBCE-92355E34892F}.Debug|iPhoneSimulator.ActiveCfg = Debug|iPhoneSimulator
		{2BB413BA-7F31-4DB3-BBCE-92355E34892F}.Debug|iPhoneSimulator.Build.0 = Debug|iPhoneSimulator
		{2BB413BA-7F31-4DB3-BBCE-92355E34892F}.Debug|iPhoneSimulator.Deploy.0 = Debug|iPhoneSimulator
		{2BB413BA-7F31-4DB3-BBCE-92355E34892F}.Debug|x64.ActiveCfg = Debug|iPhoneSimulator
		{2BB413BA-7F31-4DB3-BBCE-92355E34892F}.Debug|x64.Build.0 = Debug|iPhoneSimulator
		{2BB413BA-7F31-4DB3-BBCE-92355E34892F}.Debug|x64.Deploy.0 = Debug|iPhoneSimulator
		{2BB413BA-7F31-4DB3-BBCE-92355E34892F}.Debug|x86.ActiveCfg = Debug|iPhoneSimulator
		{2BB413BA-7F31-4DB3-BBCE-92355E34892F}.Debug|x86.Build.0 = Debug|iPhoneSimulator
		{2BB413BA-7F31-4DB3-BBCE-92355E34892F}.Debug|x86.Deploy.0 = Debug|iPhoneSimulator
		{2BB413BA-7F31-4DB3-BBCE-92355E34892F}.Release|Any CPU.ActiveCfg = Release|iPhoneSimulator
		{2BB413BA-7F31-4DB3-BBCE-92355E34892F}.Release|Any CPU.Build.0 = Release|iPhoneSimulator
		{2BB413BA-7F31-4DB3-BBCE-92355E34892F}.Release|Any CPU.Deploy.0 = Release|iPhoneSimulator
		{2BB413BA-7F31-4DB3-BBCE-92355E34892F}.Release|ARM.ActiveCfg = Release|iPhoneSimulator
		{2BB413BA-7F31-4DB3-BBCE-92355E34892F}.Release|ARM.Build.0 = Release|iPhoneSimulator
		{2BB413BA-7F31-4DB3-BBCE-92355E34892F}.Release|ARM.Deploy.0 = Release|iPhoneSimulator
		{2BB413BA-7F31-4DB3-BBCE-92355E34892F}.Release|iPhone.ActiveCfg = Release|iPhone
		{2BB413BA-7F31-4DB3-BBCE-92355E34892F}.Release|iPhone.Build.0 = Release|iPhone
		{2BB413BA-7F31-4DB3-BBCE-92355E34892F}.Release|iPhone.Deploy.0 = Release|iPhone
		{2BB413BA-7F31-4DB3-BBCE-92355E34892F}.Release|iPhoneSimulator.ActiveCfg = Release|iPhoneSimulator
		{2BB413BA-7F31-4DB3-BBCE-92355E34892F}.Release|iPhoneSimulator.Build.0 = Release|iPhoneSimulator
		{2BB413BA-7F31-4DB3-BBCE-92355E34892F}.Release|iPhoneSimulator.Deploy.0 = Release|iPhoneSimulator
		{2BB413BA-7F31-4DB3-BBCE-92355E34892F}.Release|x64.ActiveCfg = Release|iPhoneSimulator
		{2BB413BA-7F31-4DB3-BBCE-92355E34892F}.Release|x64.Build.0 = Release|iPhoneSimulator
		{2BB413BA-7F31-4DB3-BBCE-92355E34892F}.Release|x64.Deploy.0 = Release|iPhoneSimulator
		{2BB413BA-7F31-4DB3-BBCE-92355E34892F}.Release|x86.ActiveCfg = Release|iPhoneSimulator
		{2BB413BA-7F31-4DB3-BBCE-92355E34892F}.Release|x86.Build.0 = Release|iPhoneSimulator
		{2BB413BA-7F31-4DB3-BBCE-92355E34892F}.Release|x86.Deploy.0 = Release|iPhoneSimulator
		{F94C0510-AD9C-43F3-8F8C-ACAF9B5DF3BC}.Debug|Any CPU.ActiveCfg = Debug|Any CPU
		{F94C0510-AD9C-43F3-8F8C-ACAF9B5DF3BC}.Debug|Any CPU.Build.0 = Debug|Any CPU
		{F94C0510-AD9C-43F3-8F8C-ACAF9B5DF3BC}.Debug|Any CPU.Deploy.0 = Debug|Any CPU
		{F94C0510-AD9C-43F3-8F8C-ACAF9B5DF3BC}.Debug|ARM.ActiveCfg = Debug|Any CPU
		{F94C0510-AD9C-43F3-8F8C-ACAF9B5DF3BC}.Debug|ARM.Build.0 = Debug|Any CPU
		{F94C0510-AD9C-43F3-8F8C-ACAF9B5DF3BC}.Debug|ARM.Deploy.0 = Debug|Any CPU
		{F94C0510-AD9C-43F3-8F8C-ACAF9B5DF3BC}.Debug|iPhone.ActiveCfg = Debug|Any CPU
		{F94C0510-AD9C-43F3-8F8C-ACAF9B5DF3BC}.Debug|iPhone.Build.0 = Debug|Any CPU
		{F94C0510-AD9C-43F3-8F8C-ACAF9B5DF3BC}.Debug|iPhone.Deploy.0 = Debug|Any CPU
		{F94C0510-AD9C-43F3-8F8C-ACAF9B5DF3BC}.Debug|iPhoneSimulator.ActiveCfg = Debug|Any CPU
		{F94C0510-AD9C-43F3-8F8C-ACAF9B5DF3BC}.Debug|iPhoneSimulator.Build.0 = Debug|Any CPU
		{F94C0510-AD9C-43F3-8F8C-ACAF9B5DF3BC}.Debug|iPhoneSimulator.Deploy.0 = Debug|Any CPU
		{F94C0510-AD9C-43F3-8F8C-ACAF9B5DF3BC}.Debug|x64.ActiveCfg = Debug|Any CPU
		{F94C0510-AD9C-43F3-8F8C-ACAF9B5DF3BC}.Debug|x64.Build.0 = Debug|Any CPU
		{F94C0510-AD9C-43F3-8F8C-ACAF9B5DF3BC}.Debug|x64.Deploy.0 = Debug|Any CPU
		{F94C0510-AD9C-43F3-8F8C-ACAF9B5DF3BC}.Debug|x86.ActiveCfg = Debug|Any CPU
		{F94C0510-AD9C-43F3-8F8C-ACAF9B5DF3BC}.Debug|x86.Build.0 = Debug|Any CPU
		{F94C0510-AD9C-43F3-8F8C-ACAF9B5DF3BC}.Debug|x86.Deploy.0 = Debug|Any CPU
		{F94C0510-AD9C-43F3-8F8C-ACAF9B5DF3BC}.Release|Any CPU.ActiveCfg = Release|Any CPU
		{F94C0510-AD9C-43F3-8F8C-ACAF9B5DF3BC}.Release|Any CPU.Build.0 = Release|Any CPU
		{F94C0510-AD9C-43F3-8F8C-ACAF9B5DF3BC}.Release|Any CPU.Deploy.0 = Release|Any CPU
		{F94C0510-AD9C-43F3-8F8C-ACAF9B5DF3BC}.Release|ARM.ActiveCfg = Release|Any CPU
		{F94C0510-AD9C-43F3-8F8C-ACAF9B5DF3BC}.Release|ARM.Build.0 = Release|Any CPU
		{F94C0510-AD9C-43F3-8F8C-ACAF9B5DF3BC}.Release|ARM.Deploy.0 = Release|Any CPU
		{F94C0510-AD9C-43F3-8F8C-ACAF9B5DF3BC}.Release|iPhone.ActiveCfg = Release|Any CPU
		{F94C0510-AD9C-43F3-8F8C-ACAF9B5DF3BC}.Release|iPhone.Build.0 = Release|Any CPU
		{F94C0510-AD9C-43F3-8F8C-ACAF9B5DF3BC}.Release|iPhone.Deploy.0 = Release|Any CPU
		{F94C0510-AD9C-43F3-8F8C-ACAF9B5DF3BC}.Release|iPhoneSimulator.ActiveCfg = Release|Any CPU
		{F94C0510-AD9C-43F3-8F8C-ACAF9B5DF3BC}.Release|iPhoneSimulator.Build.0 = Release|Any CPU
		{F94C0510-AD9C-43F3-8F8C-ACAF9B5DF3BC}.Release|iPhoneSimulator.Deploy.0 = Release|Any CPU
		{F94C0510-AD9C-43F3-8F8C-ACAF9B5DF3BC}.Release|x64.ActiveCfg = Release|Any CPU
		{F94C0510-AD9C-43F3-8F8C-ACAF9B5DF3BC}.Release|x64.Build.0 = Release|Any CPU
		{F94C0510-AD9C-43F3-8F8C-ACAF9B5DF3BC}.Release|x64.Deploy.0 = Release|Any CPU
		{F94C0510-AD9C-43F3-8F8C-ACAF9B5DF3BC}.Release|x86.ActiveCfg = Release|Any CPU
		{F94C0510-AD9C-43F3-8F8C-ACAF9B5DF3BC}.Release|x86.Build.0 = Release|Any CPU
		{F94C0510-AD9C-43F3-8F8C-ACAF9B5DF3BC}.Release|x86.Deploy.0 = Release|Any CPU
	EndGlobalSection
	GlobalSection(SolutionProperties) = preSolution
		HideSolutionNode = FALSE
	EndGlobalSection
	GlobalSection(ExtensibilityGlobals) = postSolution
		SolutionGuid = {B0CE7D41-4A79-46B8-9221-9324F3B4B0D2}
	EndGlobalSection
EndGlobal
